// !$*UTF8*$!
{
	archiveVersion = 1;
	classes = {
	};
	objectVersion = 48;
	objects = {

/* Begin PBXBuildFile section */
		449D62DC20254BA80031BA92 /* AppDelegate.swift in Sources */ = {isa = PBXBuildFile; fileRef = 449D62DB20254BA80031BA92 /* AppDelegate.swift */; };
		449D62DE20254BA80031BA92 /* ViewController.swift in Sources */ = {isa = PBXBuildFile; fileRef = 449D62DD20254BA80031BA92 /* ViewController.swift */; };
		449D62E120254BA80031BA92 /* Main.storyboard in Resources */ = {isa = PBXBuildFile; fileRef = 449D62DF20254BA80031BA92 /* Main.storyboard */; };
		449D62E320254BA80031BA92 /* Assets.xcassets in Resources */ = {isa = PBXBuildFile; fileRef = 449D62E220254BA80031BA92 /* Assets.xcassets */; };
		449D62E620254BA80031BA92 /* LaunchScreen.storyboard in Resources */ = {isa = PBXBuildFile; fileRef = 449D62E420254BA80031BA92 /* LaunchScreen.storyboard */; };
		449D62F120254BA80031BA92 /* blacklistTests.swift in Sources */ = {isa = PBXBuildFile; fileRef = 449D62F020254BA80031BA92 /* blacklistTests.swift */; };
/* End PBXBuildFile section */

/* Begin PBXContainerItemProxy section */
		449D62ED20254BA80031BA92 /* PBXContainerItemProxy */ = {
			isa = PBXContainerItemProxy;
			containerPortal = 449D62D020254BA80031BA92 /* Project object */;
			proxyType = 1;
			remoteGlobalIDString = 449D62D720254BA80031BA92;
			remoteInfo = blacklist;
		};
/* End PBXContainerItemProxy section */

/* Begin PBXFileReference section */
		449D62D820254BA80031BA92 /* blacklist.app */ = {isa = PBXFileReference; explicitFileType = wrapper.application; includeInIndex = 0; path = blacklist.app; sourceTree = BUILT_PRODUCTS_DIR; };
		449D62DB20254BA80031BA92 /* AppDelegate.swift */ = {isa = PBXFileReference; lastKnownFileType = sourcecode.swift; path = AppDelegate.swift; sourceTree = "<group>"; };
		449D62DD20254BA80031BA92 /* ViewController.swift */ = {isa = PBXFileReference; lastKnownFileType = sourcecode.swift; path = ViewController.swift; sourceTree = "<group>"; };
		449D62E020254BA80031BA92 /* Base */ = {isa = PBXFileReference; lastKnownFileType = file.storyboard; name = Base; path = Base.lproj/Main.storyboard; sourceTree = "<group>"; };
		449D62E220254BA80031BA92 /* Assets.xcassets */ = {isa = PBXFileReference; lastKnownFileType = folder.assetcatalog; path = Assets.xcassets; sourceTree = "<group>"; };
		449D62E520254BA80031BA92 /* Base */ = {isa = PBXFileReference; lastKnownFileType = file.storyboard; name = Base; path = Base.lproj/LaunchScreen.storyboard; sourceTree = "<group>"; };
		449D62E720254BA80031BA92 /* Info.plist */ = {isa = PBXFileReference; lastKnownFileType = text.plist.xml; path = Info.plist; sourceTree = "<group>"; };
		449D62EC20254BA80031BA92 /* blacklistTests.xctest */ = {isa = PBXFileReference; explicitFileType = wrapper.cfbundle; includeInIndex = 0; path = blacklistTests.xctest; sourceTree = BUILT_PRODUCTS_DIR; };
		449D62F020254BA80031BA92 /* blacklistTests.swift */ = {isa = PBXFileReference; lastKnownFileType = sourcecode.swift; path = blacklistTests.swift; sourceTree = "<group>"; };
		449D62F220254BA80031BA92 /* Info.plist */ = {isa = PBXFileReference; lastKnownFileType = text.plist.xml; path = Info.plist; sourceTree = "<group>"; };
/* End PBXFileReference section */

/* Begin PBXFrameworksBuildPhase section */
		449D62D520254BA80031BA92 /* Frameworks */ = {
			isa = PBXFrameworksBuildPhase;
			buildActionMask = 2147483647;
			files = (
			);
			runOnlyForDeploymentPostprocessing = 0;
		};
		449D62E920254BA80031BA92 /* Frameworks */ = {
			isa = PBXFrameworksBuildPhase;
			buildActionMask = 2147483647;
			files = (
			);
			runOnlyForDeploymentPostprocessing = 0;
		};
/* End PBXFrameworksBuildPhase section */

/* Begin PBXGroup section */
		449D62CF20254BA80031BA92 = {
			isa = PBXGroup;
			children = (
				449D62DA20254BA80031BA92 /* blacklist */,
				449D62EF20254BA80031BA92 /* blacklistTests */,
				449D62D920254BA80031BA92 /* Products */,
			);
			sourceTree = "<group>";
		};
		449D62D920254BA80031BA92 /* Products */ = {
			isa = PBXGroup;
			children = (
				449D62D820254BA80031BA92 /* blacklist.app */,
				449D62EC20254BA80031BA92 /* blacklistTests.xctest */,
			);
			name = Products;
			sourceTree = "<group>";
		};
		449D62DA20254BA80031BA92 /* blacklist */ = {
			isa = PBXGroup;
			children = (
				449D62DB20254BA80031BA92 /* AppDelegate.swift */,
				449D62DD20254BA80031BA92 /* ViewController.swift */,
				449D62DF20254BA80031BA92 /* Main.storyboard */,
				449D62E220254BA80031BA92 /* Assets.xcassets */,
				449D62E420254BA80031BA92 /* LaunchScreen.storyboard */,
				449D62E720254BA80031BA92 /* Info.plist */,
			);
			path = blacklist;
			sourceTree = "<group>";
		};
		449D62EF20254BA80031BA92 /* blacklistTests */ = {
			isa = PBXGroup;
			children = (
				449D62F020254BA80031BA92 /* blacklistTests.swift */,
				449D62F220254BA80031BA92 /* Info.plist */,
			);
			path = blacklistTests;
			sourceTree = "<group>";
		};
/* End PBXGroup section */

/* Begin PBXNativeTarget section */
		449D62D720254BA80031BA92 /* blacklist */ = {
			isa = PBXNativeTarget;
			buildConfigurationList = 449D62F520254BA80031BA92 /* Build configuration list for PBXNativeTarget "blacklist" */;
			buildPhases = (
				449D62D420254BA80031BA92 /* Sources */,
				449D62D520254BA80031BA92 /* Frameworks */,
				449D62D620254BA80031BA92 /* Resources */,
			);
			buildRules = (
			);
			dependencies = (
			);
			name = blacklist;
			productName = blacklist;
			productReference = 449D62D820254BA80031BA92 /* blacklist.app */;
			productType = "com.apple.product-type.application";
		};
		449D62EB20254BA80031BA92 /* blacklistTests */ = {
			isa = PBXNativeTarget;
			buildConfigurationList = 449D62F820254BA80031BA92 /* Build configuration list for PBXNativeTarget "blacklistTests" */;
			buildPhases = (
				449D62E820254BA80031BA92 /* Sources */,
				449D62E920254BA80031BA92 /* Frameworks */,
				449D62EA20254BA80031BA92 /* Resources */,
			);
			buildRules = (
			);
			dependencies = (
				449D62EE20254BA80031BA92 /* PBXTargetDependency */,
			);
			name = blacklistTests;
			productName = blacklistTests;
			productReference = 449D62EC20254BA80031BA92 /* blacklistTests.xctest */;
			productType = "com.apple.product-type.bundle.unit-test";
		};
/* End PBXNativeTarget section */

/* Begin PBXProject section */
		449D62D020254BA80031BA92 /* Project object */ = {
			isa = PBXProject;
			attributes = {
				LastSwiftUpdateCheck = 0900;
				LastUpgradeCheck = 0900;
				ORGANIZATIONNAME = "Opelty's Open Source Projects";
				TargetAttributes = {
					449D62D720254BA80031BA92 = {
						CreatedOnToolsVersion = 9.0.1;
						ProvisioningStyle = Automatic;
					};
					449D62EB20254BA80031BA92 = {
						CreatedOnToolsVersion = 9.0.1;
						ProvisioningStyle = Automatic;
						TestTargetID = 449D62D720254BA80031BA92;
					};
				};
			};
			buildConfigurationList = 449D62D320254BA80031BA92 /* Build configuration list for PBXProject "blacklist" */;
			compatibilityVersion = "Xcode 8.0";
			developmentRegion = en;
			hasScannedForEncodings = 0;
			knownRegions = (
				en,
				Base,
			);
			mainGroup = 449D62CF20254BA80031BA92;
			productRefGroup = 449D62D920254BA80031BA92 /* Products */;
			projectDirPath = "";
			projectRoot = "";
			targets = (
				449D62D720254BA80031BA92 /* blacklist */,
				449D62EB20254BA80031BA92 /* blacklistTests */,
			);
		};
/* End PBXProject section */

/* Begin PBXResourcesBuildPhase section */
		449D62D620254BA80031BA92 /* Resources */ = {
			isa = PBXResourcesBuildPhase;
			buildActionMask = 2147483647;
			files = (
				449D62E620254BA80031BA92 /* LaunchScreen.storyboard in Resources */,
				449D62E320254BA80031BA92 /* Assets.xcassets in Resources */,
				449D62E120254BA80031BA92 /* Main.storyboard in Resources */,
			);
			runOnlyForDeploymentPostprocessing = 0;
		};
		449D62EA20254BA80031BA92 /* Resources */ = {
			isa = PBXResourcesBuildPhase;
			buildActionMask = 2147483647;
			files = (
			);
			runOnlyForDeploymentPostprocessing = 0;
		};
/* End PBXResourcesBuildPhase section */

/* Begin PBXSourcesBuildPhase section */
		449D62D420254BA80031BA92 /* Sources */ = {
			isa = PBXSourcesBuildPhase;
			buildActionMask = 2147483647;
			files = (
				449D62DE20254BA80031BA92 /* ViewController.swift in Sources */,
				449D62DC20254BA80031BA92 /* AppDelegate.swift in Sources */,
			);
			runOnlyForDeploymentPostprocessing = 0;
		};
		449D62E820254BA80031BA92 /* Sources */ = {
			isa = PBXSourcesBuildPhase;
			buildActionMask = 2147483647;
			files = (
				449D62F120254BA80031BA92 /* blacklistTests.swift in Sources */,
			);
			runOnlyForDeploymentPostprocessing = 0;
		};
/* End PBXSourcesBuildPhase section */

/* Begin PBXTargetDependency section */
		449D62EE20254BA80031BA92 /* PBXTargetDependency */ = {
			isa = PBXTargetDependency;
			target = 449D62D720254BA80031BA92 /* blacklist */;
			targetProxy = 449D62ED20254BA80031BA92 /* PBXContainerItemProxy */;
		};
/* End PBXTargetDependency section */

/* Begin PBXVariantGroup section */
		449D62DF20254BA80031BA92 /* Main.storyboard */ = {
			isa = PBXVariantGroup;
			children = (
				449D62E020254BA80031BA92 /* Base */,
			);
			name = Main.storyboard;
			sourceTree = "<group>";
		};
		449D62E420254BA80031BA92 /* LaunchScreen.storyboard */ = {
			isa = PBXVariantGroup;
			children = (
				449D62E520254BA80031BA92 /* Base */,
			);
			name = LaunchScreen.storyboard;
			sourceTree = "<group>";
		};
/* End PBXVariantGroup section */

/* Begin XCBuildConfiguration section */
		449D62F320254BA80031BA92 /* Debug */ = {
			isa = XCBuildConfiguration;
			buildSettings = {
				ALWAYS_SEARCH_USER_PATHS = NO;
				CLANG_ANALYZER_NONNULL = YES;
				CLANG_ANALYZER_NUMBER_OBJECT_CONVERSION = YES_AGGRESSIVE;
				CLANG_CXX_LANGUAGE_STANDARD = "gnu++14";
				CLANG_CXX_LIBRARY = "libc++";
				CLANG_ENABLE_MODULES = YES;
				CLANG_ENABLE_OBJC_ARC = YES;
				CLANG_WARN_BLOCK_CAPTURE_AUTORELEASING = YES;
				CLANG_WARN_BOOL_CONVERSION = YES;
				CLANG_WARN_COMMA = YES;
				CLANG_WARN_CONSTANT_CONVERSION = YES;
				CLANG_WARN_DIRECT_OBJC_ISA_USAGE = YES_ERROR;
				CLANG_WARN_DOCUMENTATION_COMMENTS = YES;
				CLANG_WARN_EMPTY_BODY = YES;
				CLANG_WARN_ENUM_CONVERSION = YES;
				CLANG_WARN_INFINITE_RECURSION = YES;
				CLANG_WARN_INT_CONVERSION = YES;
				CLANG_WARN_NON_LITERAL_NULL_CONVERSION = YES;
				CLANG_WARN_OBJC_LITERAL_CONVERSION = YES;
				CLANG_WARN_OBJC_ROOT_CLASS = YES_ERROR;
				CLANG_WARN_RANGE_LOOP_ANALYSIS = YES;
				CLANG_WARN_STRICT_PROTOTYPES = YES;
				CLANG_WARN_SUSPICIOUS_MOVE = YES;
				CLANG_WARN_UNGUARDED_AVAILABILITY = YES_AGGRESSIVE;
				CLANG_WARN_UNREACHABLE_CODE = YES;
				CLANG_WARN__DUPLICATE_METHOD_MATCH = YES;
				CODE_SIGN_IDENTITY = "iPhone Developer";
				COPY_PHASE_STRIP = NO;
				DEBUG_INFORMATION_FORMAT = dwarf;
				ENABLE_STRICT_OBJC_MSGSEND = YES;
				ENABLE_TESTABILITY = YES;
				GCC_C_LANGUAGE_STANDARD = gnu11;
				GCC_DYNAMIC_NO_PIC = NO;
				GCC_NO_COMMON_BLOCKS = YES;
				GCC_OPTIMIZATION_LEVEL = 0;
				GCC_PREPROCESSOR_DEFINITIONS = (
					"DEBUG=1",
					"$(inherited)",
				);
				GCC_WARN_64_TO_32_BIT_CONVERSION = YES;
				GCC_WARN_ABOUT_RETURN_TYPE = YES_ERROR;
				GCC_WARN_UNDECLARED_SELECTOR = YES;
				GCC_WARN_UNINITIALIZED_AUTOS = YES_AGGRESSIVE;
				GCC_WARN_UNUSED_FUNCTION = YES;
				GCC_WARN_UNUSED_VARIABLE = YES;
				IPHONEOS_DEPLOYMENT_TARGET = 11.0;
				MTL_ENABLE_DEBUG_INFO = YES;
				ONLY_ACTIVE_ARCH = YES;
				SDKROOT = iphoneos;
				SWIFT_ACTIVE_COMPILATION_CONDITIONS = DEBUG;
				SWIFT_OPTIMIZATION_LEVEL = "-Onone";
			};
			name = Debug;
		};
		449D62F420254BA80031BA92 /* Release */ = {
			isa = XCBuildConfiguration;
			buildSettings = {
				ALWAYS_SEARCH_USER_PATHS = NO;
				CLANG_ANALYZER_NONNULL = YES;
				CLANG_ANALYZER_NUMBER_OBJECT_CONVERSION = YES_AGGRESSIVE;
				CLANG_CXX_LANGUAGE_STANDARD = "gnu++14";
				CLANG_CXX_LIBRARY = "libc++";
				CLANG_ENABLE_MODULES = YES;
				CLANG_ENABLE_OBJC_ARC = YES;
				CLANG_WARN_BLOCK_CAPTURE_AUTORELEASING = YES;
				CLANG_WARN_BOOL_CONVERSION = YES;
				CLANG_WARN_COMMA = YES;
				CLANG_WARN_CONSTANT_CONVERSION = YES;
				CLANG_WARN_DIRECT_OBJC_ISA_USAGE = YES_ERROR;
				CLANG_WARN_DOCUMENTATION_COMMENTS = YES;
				CLANG_WARN_EMPTY_BODY = YES;
				CLANG_WARN_ENUM_CONVERSION = YES;
				CLANG_WARN_INFINITE_RECURSION = YES;
				CLANG_WARN_INT_CONVERSION = YES;
				CLANG_WARN_NON_LITERAL_NULL_CONVERSION = YES;
				CLANG_WARN_OBJC_LITERAL_CONVERSION = YES;
				CLANG_WARN_OBJC_ROOT_CLASS = YES_ERROR;
				CLANG_WARN_RANGE_LOOP_ANALYSIS = YES;
				CLANG_WARN_STRICT_PROTOTYPES = YES;
				CLANG_WARN_SUSPICIOUS_MOVE = YES;
				CLANG_WARN_UNGUARDED_AVAILABILITY = YES_AGGRESSIVE;
				CLANG_WARN_UNREACHABLE_CODE = YES;
				CLANG_WARN__DUPLICATE_METHOD_MATCH = YES;
				CODE_SIGN_IDENTITY = "iPhone Developer";
				COPY_PHASE_STRIP = NO;
				DEBUG_INFORMATION_FORMAT = "dwarf-with-dsym";
				ENABLE_NS_ASSERTIONS = NO;
				ENABLE_STRICT_OBJC_MSGSEND = YES;
				GCC_C_LANGUAGE_STANDARD = gnu11;
				GCC_NO_COMMON_BLOCKS = YES;
				GCC_WARN_64_TO_32_BIT_CONVERSION = YES;
				GCC_WARN_ABOUT_RETURN_TYPE = YES_ERROR;
				GCC_WARN_UNDECLARED_SELECTOR = YES;
				GCC_WARN_UNINITIALIZED_AUTOS = YES_AGGRESSIVE;
				GCC_WARN_UNUSED_FUNCTION = YES;
				GCC_WARN_UNUSED_VARIABLE = YES;
				IPHONEOS_DEPLOYMENT_TARGET = 11.0;
				MTL_ENABLE_DEBUG_INFO = NO;
				SDKROOT = iphoneos;
				SWIFT_OPTIMIZATION_LEVEL = "-Owholemodule";
				VALIDATE_PRODUCT = YES;
			};
			name = Release;
		};
		449D62F620254BA80031BA92 /* Debug */ = {
			isa = XCBuildConfiguration;
			buildSettings = {
				ASSETCATALOG_COMPILER_APPICON_NAME = AppIcon;
				CODE_SIGN_STYLE = Automatic;
				DEVELOPMENT_TEAM = 65JJM7BL69;
				INFOPLIST_FILE = blacklist/Info.plist;
				IPHONEOS_DEPLOYMENT_TARGET = 9.0;
				LD_RUNPATH_SEARCH_PATHS = "$(inherited) @executable_path/Frameworks";
				PRODUCT_BUNDLE_IDENTIFIER = io.github.opelty.blacklist;
				PRODUCT_NAME = "$(TARGET_NAME)";
				SWIFT_VERSION = 4.0;
				TARGETED_DEVICE_FAMILY = 1;
			};
			name = Debug;
		};
		449D62F720254BA80031BA92 /* Release */ = {
			isa = XCBuildConfiguration;
			buildSettings = {
				ASSETCATALOG_COMPILER_APPICON_NAME = AppIcon;
				CODE_SIGN_STYLE = Automatic;
				DEVELOPMENT_TEAM = 65JJM7BL69;
				INFOPLIST_FILE = blacklist/Info.plist;
				IPHONEOS_DEPLOYMENT_TARGET = 9.0;
				LD_RUNPATH_SEARCH_PATHS = "$(inherited) @executable_path/Frameworks";
				PRODUCT_BUNDLE_IDENTIFIER = io.github.opelty.blacklist;
				PRODUCT_NAME = "$(TARGET_NAME)";
				SWIFT_VERSION = 4.0;
				TARGETED_DEVICE_FAMILY = 1;
			};
			name = Release;
		};
		449D62F920254BA80031BA92 /* Debug */ = {
			isa = XCBuildConfiguration;
			buildSettings = {
				ALWAYS_EMBED_SWIFT_STANDARD_LIBRARIES = YES;
				BUNDLE_LOADER = "$(TEST_HOST)";
				CODE_SIGN_STYLE = Automatic;
				DEVELOPMENT_TEAM = 65JJM7BL69;
				INFOPLIST_FILE = blacklistTests/Info.plist;
				LD_RUNPATH_SEARCH_PATHS = "$(inherited) @executable_path/Frameworks @loader_path/Frameworks";
				PRODUCT_BUNDLE_IDENTIFIER = io.github.opelty.blacklistTests;
				PRODUCT_NAME = "$(TARGET_NAME)";
				SWIFT_VERSION = 4.0;
				TARGETED_DEVICE_FAMILY = "1,2";
				TEST_HOST = "$(BUILT_PRODUCTS_DIR)/blacklist.app/blacklist";
			};
			name = Debug;
		};
		449D62FA20254BA80031BA92 /* Release */ = {
			isa = XCBuildConfiguration;
			buildSettings = {
				ALWAYS_EMBED_SWIFT_STANDARD_LIBRARIES = YES;
				BUNDLE_LOADER = "$(TEST_HOST)";
				CODE_SIGN_STYLE = Automatic;
				DEVELOPMENT_TEAM = 65JJM7BL69;
				INFOPLIST_FILE = blacklistTests/Info.plist;
				LD_RUNPATH_SEARCH_PATHS = "$(inherited) @executable_path/Frameworks @loader_path/Frameworks";
				PRODUCT_BUNDLE_IDENTIFIER = io.github.opelty.blacklistTests;
				PRODUCT_NAME = "$(TARGET_NAME)";
				SWIFT_VERSION = 4.0;
				TARGETED_DEVICE_FAMILY = "1,2";
				TEST_HOST = "$(BUILT_PRODUCTS_DIR)/blacklist.app/blacklist";
			};
			name = Release;
		};
/* End XCBuildConfiguration section */

/* Begin XCConfigurationList section */
		449D62D320254BA80031BA92 /* Build configuration list for PBXProject "blacklist" */ = {
			isa = XCConfigurationList;
			buildConfigurations = (
				449D62F320254BA80031BA92 /* Debug */,
				449D62F420254BA80031BA92 /* Release */,
			);
			defaultConfigurationIsVisible = 0;
			defaultConfigurationName = Release;
		};
		449D62F520254BA80031BA92 /* Build configuration list for PBXNativeTarget "blacklist" */ = {
			isa = XCConfigurationList;
			buildConfigurations = (
				449D62F620254BA80031BA92 /* Debug */,
				449D62F720254BA80031BA92 /* Release */,
			);
			defaultConfigurationIsVisible = 0;
			defaultConfigurationName = Release;
		};
		449D62F820254BA80031BA92 /* Build configuration list for PBXNativeTarget "blacklistTests" */ = {
			isa = XCConfigurationList;
			buildConfigurations = (
				449D62F920254BA80031BA92 /* Debug */,
				449D62FA20254BA80031BA92 /* Release */,
			);
			defaultConfigurationIsVisible = 0;
			defaultConfigurationName = Release;
		};
/* End XCConfigurationList section */
	};
	rootObject = 449D62D020254BA80031BA92 /* Project object */;
}
